import { visual } from '@volcengine/openapi';

export default async function handler(req, res) {
    res.setHeader('Access-Control-Allow-Origin', '*');
    res.setHeader('Access-Control-Allow-Methods', 'POST, OPTIONS');
    res.setHeader('Access-Control-Allow-Headers', 'Content-Type');

    if (req.method === 'OPTIONS') return res.status(204).end();
    if (req.method !== 'POST') return res.status(405).json({ msg: '仅支持 POST 请求' });

    const { VOLC_AK, VOLC_SK } = process.env;
    if (!VOLC_AK || !VOLC_SK) {
        return res.status(500).json({ success: false, msg: '密钥未配置，请检查 Vercel 环境变量' });
    }

    const visualService = new visual.VisualService({
        accessKeyId: VOLC_AK,
        secretAccessKey: VOLC_SK,
        region: 'cn-north-1',
        host: 'visual.volcengineapi.com',
    });

    const { prompt, negative_prompt, image_base64, strength } = req.body;

    try {
        const params = {
            req_key: 'community_resigen', 
            prompt: prompt,
            negative_prompt: negative_prompt || '模糊，变形，低质量',
            binary_data_base64: [image_base64],
            strength: parseFloat(strength) || 0.4,
        };

        const result = await visualService.CVImg2Img(params);

        if (result.ResponseMetadata && result.ResponseMetadata.Error) {
            return res.status(200).json({ 
                success: false, 
                msg: `火山报错: ${result.ResponseMetadata.Error.Message}` 
            });
        }

        if (result.data && result.data.image_urls && result.data.image_urls[0]) {
            return res.status(200).json({
                success: true,
                img: result.data.image_urls[0],
                msg: '生成成功'
            });
        }

        return res.status(200).json({ success: false, msg: '接口未返回图片数据' });

    } catch (err) {
        return res.status(500).json({ success: false, msg: '服务器异常: ' + err.message });
    }
}